
Microsoft Visual Studio Solution File, Format Version 12.00
# Visual Studio 15
VisualStudioVersion = 15.0.28307.852
MinimumVisualStudioVersion = 10.0.40219.1
Project("{FAE04EC0-301F-11D3-BF4B-00C04F79EFBC}") = "sap2000api", "sap2000api\sap2000api.csproj", "{8DB546A3-988A-40AA-908C-46C2853ABC0B}"
EndProject
Global
	GlobalSection(SolutionConfigurationPlatforms) = preSolution
		Debug|Any CPU = Debug|Any CPU
		Release|Any CPU = Release|Any CPU
	EndGlobalSection
	GlobalSection(ProjectConfigurationPlatforms) = postSolution
		{8DB546A3-988A-40AA-908C-46C2853ABC0B}.Debug|Any CPU.ActiveCfg = Debug|Any CPU
		{8DB546A3-988A-40AA-908C-46C2853ABC0B}.Debug|Any CPU.Build.0 = Debug|Any CPU
		{8DB546A3-988A-40AA-908C-46C2853ABC0B}.Release|Any CPU.ActiveCfg = Release|Any CPU
		{8DB546A3-988A-40AA-908C-46C2853ABC0B}.Release|Any CPU.Build.0 = Release|Any CPU
	EndGlobalSection
	GlobalSection(SolutionProperties) = preSolution
		HideSolutionNode = FALSE
	EndGlobalSection
	GlobalSection(ExtensibilityGlobals) = postSolution
		SolutionGuid = {BC91D6E2-CF7D-4111-9D1E-C235C0EE0740}
	EndGlobalSection
EndGlobal
